
Microsoft Visual Studio Solution File, Format Version 12.00
# Visual Studio Version 17
VisualStudioVersion = 17.0.32014.148
MinimumVisualStudioVersion = 10.0.40219.1
Project("{2150E333-8FDC-42A3-9474-1A3956D46DE8}") = "example", "example", "{61AEB1B8-7905-4BD0-BDEF-CE270CB33CD0}"
EndProject
Project("{2150E333-8FDC-42A3-9474-1A3956D46DE8}") = "source", "source", "{AECC34A7-60A3-4078-A64C-47F974274D24}"
EndProject
Project("{2150E333-8FDC-42A3-9474-1A3956D46DE8}") = "EasyServiceRegister", "EasyServiceRegister", "{BFA3B029-4DC1-4D2C-8F0B-9541A66CB3BE}"
EndProject
Project("{9A19103F-16F7-4668-BE54-9A1E7A4F7556}") = "Domain", "example\Domain\Domain.csproj", "{6660E0D3-1FB7-47A0-86F2-F2B6392ACEF1}"
EndProject
Project("{9A19103F-16F7-4668-BE54-9A1E7A4F7556}") = "Application", "example\Application\Application.csproj", "{CAB09ADF-CDA5-4D3D-B638-6795F98CCB93}"
EndProject
Project("{9A19103F-16F7-4668-BE54-9A1E7A4F7556}") = "Infrastructure", "example\Infrastructure\Infrastructure.csproj", "{41B907BD-213D-471A-BBB3-34E77C59B27D}"
EndProject
Project("{9A19103F-16F7-4668-BE54-9A1E7A4F7556}") = "Presentation", "example\Presentation\Presentation.csproj", "{82F80099-A2AD-4D1E-8BF4-5EC26E38A098}"
EndProject
Project("{9A19103F-16F7-4668-BE54-9A1E7A4F7556}") = "EasyServiceRegister", "source\EasyServiceRegister\EasyServiceRegister.csproj", "{DD8DBFD5-0A3F-4FBB-A799-AF7FF3E0BF31}"
EndProject
Global
	GlobalSection(SolutionConfigurationPlatforms) = preSolution
		Debug|Any CPU = Debug|Any CPU
		Release|Any CPU = Release|Any CPU
	EndGlobalSection
	GlobalSection(ProjectConfigurationPlatforms) = postSolution
		{6660E0D3-1FB7-47A0-86F2-F2B6392ACEF1}.Debug|Any CPU.ActiveCfg = Debug|Any CPU
		{6660E0D3-1FB7-47A0-86F2-F2B6392ACEF1}.Debug|Any CPU.Build.0 = Debug|Any CPU
		{6660E0D3-1FB7-47A0-86F2-F2B6392ACEF1}.Release|Any CPU.ActiveCfg = Release|Any CPU
		{6660E0D3-1FB7-47A0-86F2-F2B6392ACEF1}.Release|Any CPU.Build.0 = Release|Any CPU
		{CAB09ADF-CDA5-4D3D-B638-6795F98CCB93}.Debug|Any CPU.ActiveCfg = Debug|Any CPU
		{CAB09ADF-CDA5-4D3D-B638-6795F98CCB93}.Debug|Any CPU.Build.0 = Debug|Any CPU
		{CAB09ADF-CDA5-4D3D-B638-6795F98CCB93}.Release|Any CPU.ActiveCfg = Release|Any CPU
		{CAB09ADF-CDA5-4D3D-B638-6795F98CCB93}.Release|Any CPU.Build.0 = Release|Any CPU
		{41B907BD-213D-471A-BBB3-34E77C59B27D}.Debug|Any CPU.ActiveCfg = Debug|Any CPU
		{41B907BD-213D-471A-BBB3-34E77C59B27D}.Debug|Any CPU.Build.0 = Debug|Any CPU
		{41B907BD-213D-471A-BBB3-34E77C59B27D}.Release|Any CPU.ActiveCfg = Release|Any CPU
		{41B907BD-213D-471A-BBB3-34E77C59B27D}.Release|Any CPU.Build.0 = Release|Any CPU
		{82F80099-A2AD-4D1E-8BF4-5EC26E38A098}.Debug|Any CPU.ActiveCfg = Debug|Any CPU
		{82F80099-A2AD-4D1E-8BF4-5EC26E38A098}.Debug|Any CPU.Build.0 = Debug|Any CPU
		{82F80099-A2AD-4D1E-8BF4-5EC26E38A098}.Release|Any CPU.ActiveCfg = Release|Any CPU
		{82F80099-A2AD-4D1E-8BF4-5EC26E38A098}.Release|Any CPU.Build.0 = Release|Any CPU
		{DD8DBFD5-0A3F-4FBB-A799-AF7FF3E0BF31}.Debug|Any CPU.ActiveCfg = Debug|Any CPU
		{DD8DBFD5-0A3F-4FBB-A799-AF7FF3E0BF31}.Debug|Any CPU.Build.0 = Debug|Any CPU
		{DD8DBFD5-0A3F-4FBB-A799-AF7FF3E0BF31}.Release|Any CPU.ActiveCfg = Release|Any CPU
		{DD8DBFD5-0A3F-4FBB-A799-AF7FF3E0BF31}.Release|Any CPU.Build.0 = Release|Any CPU
	EndGlobalSection
	GlobalSection(SolutionProperties) = preSolution
		HideSolutionNode = FALSE
	EndGlobalSection
	GlobalSection(NestedProjects) = preSolution
		{BFA3B029-4DC1-4D2C-8F0B-9541A66CB3BE} = {AECC34A7-60A3-4078-A64C-47F974274D24}
		{6660E0D3-1FB7-47A0-86F2-F2B6392ACEF1} = {61AEB1B8-7905-4BD0-BDEF-CE270CB33CD0}
		{CAB09ADF-CDA5-4D3D-B638-6795F98CCB93} = {61AEB1B8-7905-4BD0-BDEF-CE270CB33CD0}
		{41B907BD-213D-471A-BBB3-34E77C59B27D} = {61AEB1B8-7905-4BD0-BDEF-CE270CB33CD0}
		{82F80099-A2AD-4D1E-8BF4-5EC26E38A098} = {61AEB1B8-7905-4BD0-BDEF-CE270CB33CD0}
		{DD8DBFD5-0A3F-4FBB-A799-AF7FF3E0BF31} = {BFA3B029-4DC1-4D2C-8F0B-9541A66CB3BE}
	EndGlobalSection
	GlobalSection(ExtensibilityGlobals) = postSolution
		SolutionGuid = {4F245CDA-9A0E-4946-89FF-8FF247128D77}
	EndGlobalSection
EndGlobal
